// !$*UTF8*$!
{
	archiveVersion = 1;
	classes = {
	};
	objectVersion = 52;
	objects = {

/* Begin PBXBuildFile section */
		0B2D608676D8501A34F5B414 /* Pods_IMusic.framework in Frameworks */ = {isa = PBXBuildFile; fileRef = EAB67C49231657354F461811 /* Pods_IMusic.framework */; };
		D957CAA7259FA2E30045FA7C /* Library.swift in Sources */ = {isa = PBXBuildFile; fileRef = D957CAA6259FA2E30045FA7C /* Library.swift */; };
		D95F082225A08F3F006F1D19 /* UserDefaults.swift in Sources */ = {isa = PBXBuildFile; fileRef = D95F082125A08F3F006F1D19 /* UserDefaults.swift */; };
		D95F082A25A0997D006F1D19 /* URLImage in Frameworks */ = {isa = PBXBuildFile; productRef = D95F082925A0997D006F1D19 /* URLImage */; };
		D9779C5F259E807300473B06 /* CMTime_extension.swift in Sources */ = {isa = PBXBuildFile; fileRef = D9779C5E259E807300473B06 /* CMTime_extension.swift */; };
		F027F2882300740500AE2985 /* AppDelegate.swift in Sources */ = {isa = PBXBuildFile; fileRef = F027F2872300740500AE2985 /* AppDelegate.swift */; };
		F027F28A2300740500AE2985 /* SceneDelegate.swift in Sources */ = {isa = PBXBuildFile; fileRef = F027F2892300740500AE2985 /* SceneDelegate.swift */; };
		F027F28C2300740500AE2985 /* ViewController.swift in Sources */ = {isa = PBXBuildFile; fileRef = F027F28B2300740500AE2985 /* ViewController.swift */; };
		F027F28F2300740500AE2985 /* Main.storyboard in Resources */ = {isa = PBXBuildFile; fileRef = F027F28D2300740500AE2985 /* Main.storyboard */; };
		F027F2912300740600AE2985 /* Assets.xcassets in Resources */ = {isa = PBXBuildFile; fileRef = F027F2902300740600AE2985 /* Assets.xcassets */; };
		F027F2942300740600AE2985 /* LaunchScreen.storyboard in Resources */ = {isa = PBXBuildFile; fileRef = F027F2922300740600AE2985 /* LaunchScreen.storyboard */; };
		F027F29C230074DA00AE2985 /* MainTabBarController.swift in Sources */ = {isa = PBXBuildFile; fileRef = F027F29B230074DA00AE2985 /* MainTabBarController.swift */; };
		F027F29E230075DA00AE2985 /* SearchMusicViewController.swift in Sources */ = {isa = PBXBuildFile; fileRef = F027F29D230075DA00AE2985 /* SearchMusicViewController.swift */; };
		F027F2A02300AFA100AE2985 /* SearchResponse.swift in Sources */ = {isa = PBXBuildFile; fileRef = F027F29F2300AFA100AE2985 /* SearchResponse.swift */; };
		F045904123032E4C00040A0C /* TrackCell.xib in Resources */ = {isa = PBXBuildFile; fileRef = F045904023032E4C00040A0C /* TrackCell.xib */; };
		F045904323032E5F00040A0C /* TrackCell.swift in Sources */ = {isa = PBXBuildFile; fileRef = F045904223032E5F00040A0C /* TrackCell.swift */; };
		F04590472304066000040A0C /* FooterView.swift in Sources */ = {isa = PBXBuildFile; fileRef = F04590462304066000040A0C /* FooterView.swift */; };
		F045904A2304740400040A0C /* TrackDetailView.xib in Resources */ = {isa = PBXBuildFile; fileRef = F04590492304740400040A0C /* TrackDetailView.xib */; };
		F045904C2304741000040A0C /* TrackDetailView.swift in Sources */ = {isa = PBXBuildFile; fileRef = F045904B2304741000040A0C /* TrackDetailView.swift */; };
		F05B74FC2301CA1D0086B117 /* NetworkService.swift in Sources */ = {isa = PBXBuildFile; fileRef = F05B74FB2301CA1D0086B117 /* NetworkService.swift */; };
		F05B75142301D8E70086B117 /* SearchPresenter.swift in Sources */ = {isa = PBXBuildFile; fileRef = F05B750D2301D8E70086B117 /* SearchPresenter.swift */; };
		F05B75152301D8E70086B117 /* SearchWorker.swift in Sources */ = {isa = PBXBuildFile; fileRef = F05B750E2301D8E70086B117 /* SearchWorker.swift */; };
		F05B75162301D8E70086B117 /* SearchRouter.swift in Sources */ = {isa = PBXBuildFile; fileRef = F05B750F2301D8E70086B117 /* SearchRouter.swift */; };
		F05B75172301D8E70086B117 /* SearchModels.swift in Sources */ = {isa = PBXBuildFile; fileRef = F05B75102301D8E70086B117 /* SearchModels.swift */; };
		F05B75182301D8E70086B117 /* SearchViewController.swift in Sources */ = {isa = PBXBuildFile; fileRef = F05B75112301D8E70086B117 /* SearchViewController.swift */; };
		F05B75192301D8E70086B117 /* SearchInteractor.swift in Sources */ = {isa = PBXBuildFile; fileRef = F05B75122301D8E70086B117 /* SearchInteractor.swift */; };
		F05B752A2302076F0086B117 /* SearchViewController.storyboard in Resources */ = {isa = PBXBuildFile; fileRef = F05B75292302076F0086B117 /* SearchViewController.storyboard */; };
		F05B752C2302092C0086B117 /* UIViewController + Storyboard.swift in Sources */ = {isa = PBXBuildFile; fileRef = F05B752B2302092C0086B117 /* UIViewController + Storyboard.swift */; };
/* End PBXBuildFile section */

/* Begin PBXFileReference section */
		0A1919BC75CBF33FF9FA835F /* Pods-IMusic.release.xcconfig */ = {isa = PBXFileReference; includeInIndex = 1; lastKnownFileType = text.xcconfig; name = "Pods-IMusic.release.xcconfig"; path = "Target Support Files/Pods-IMusic/Pods-IMusic.release.xcconfig"; sourceTree = "<group>"; };
		7DC8FD6CE9A48915989CFE90 /* Pods-IMusic.debug.xcconfig */ = {isa = PBXFileReference; includeInIndex = 1; lastKnownFileType = text.xcconfig; name = "Pods-IMusic.debug.xcconfig"; path = "Target Support Files/Pods-IMusic/Pods-IMusic.debug.xcconfig"; sourceTree = "<group>"; };
		D957CAA6259FA2E30045FA7C /* Library.swift */ = {isa = PBXFileReference; lastKnownFileType = sourcecode.swift; path = Library.swift; sourceTree = "<group>"; };
		D95F082125A08F3F006F1D19 /* UserDefaults.swift */ = {isa = PBXFileReference; lastKnownFileType = sourcecode.swift; path = UserDefaults.swift; sourceTree = "<group>"; };
		D9779C5E259E807300473B06 /* CMTime_extension.swift */ = {isa = PBXFileReference; lastKnownFileType = sourcecode.swift; path = CMTime_extension.swift; sourceTree = "<group>"; };
		EAB67C49231657354F461811 /* Pods_IMusic.framework */ = {isa = PBXFileReference; explicitFileType = wrapper.framework; includeInIndex = 0; path = Pods_IMusic.framework; sourceTree = BUILT_PRODUCTS_DIR; };
		F027F2842300740500AE2985 /* IMusic.app */ = {isa = PBXFileReference; explicitFileType = wrapper.application; includeInIndex = 0; path = IMusic.app; sourceTree = BUILT_PRODUCTS_DIR; };
		F027F2872300740500AE2985 /* AppDelegate.swift */ = {isa = PBXFileReference; lastKnownFileType = sourcecode.swift; path = AppDelegate.swift; sourceTree = "<group>"; };
		F027F2892300740500AE2985 /* SceneDelegate.swift */ = {isa = PBXFileReference; lastKnownFileType = sourcecode.swift; path = SceneDelegate.swift; sourceTree = "<group>"; };
		F027F28B2300740500AE2985 /* ViewController.swift */ = {isa = PBXFileReference; lastKnownFileType = sourcecode.swift; path = ViewController.swift; sourceTree = "<group>"; };
		F027F28E2300740500AE2985 /* Base */ = {isa = PBXFileReference; lastKnownFileType = file.storyboard; name = Base; path = Base.lproj/Main.storyboard; sourceTree = "<group>"; };
		F027F2902300740600AE2985 /* Assets.xcassets */ = {isa = PBXFileReference; lastKnownFileType = folder.assetcatalog; path = Assets.xcassets; sourceTree = "<group>"; };
		F027F2932300740600AE2985 /* Base */ = {isa = PBXFileReference; lastKnownFileType = file.storyboard; name = Base; path = Base.lproj/LaunchScreen.storyboard; sourceTree = "<group>"; };
		F027F2952300740600AE2985 /* Info.plist */ = {isa = PBXFileReference; lastKnownFileType = text.plist.xml; path = Info.plist; sourceTree = "<group>"; };
		F027F29B230074DA00AE2985 /* MainTabBarController.swift */ = {isa = PBXFileReference; lastKnownFileType = sourcecode.swift; path = MainTabBarController.swift; sourceTree = "<group>"; };
		F027F29D230075DA00AE2985 /* SearchMusicViewController.swift */ = {isa = PBXFileReference; lastKnownFileType = sourcecode.swift; path = SearchMusicViewController.swift; sourceTree = "<group>"; };
		F027F29F2300AFA100AE2985 /* SearchResponse.swift */ = {isa = PBXFileReference; lastKnownFileType = sourcecode.swift; path = SearchResponse.swift; sourceTree = "<group>"; };
		F045904023032E4C00040A0C /* TrackCell.xib */ = {isa = PBXFileReference; lastKnownFileType = file.xib; path = TrackCell.xib; sourceTree = "<group>"; };
		F045904223032E5F00040A0C /* TrackCell.swift */ = {isa = PBXFileReference; lastKnownFileType = sourcecode.swift; path = TrackCell.swift; sourceTree = "<group>"; };
		F04590462304066000040A0C /* FooterView.swift */ = {isa = PBXFileReference; lastKnownFileType = sourcecode.swift; path = FooterView.swift; sourceTree = "<group>"; };
		F04590492304740400040A0C /* TrackDetailView.xib */ = {isa = PBXFileReference; lastKnownFileType = file.xib; path = TrackDetailView.xib; sourceTree = "<group>"; };
		F045904B2304741000040A0C /* TrackDetailView.swift */ = {isa = PBXFileReference; lastKnownFileType = sourcecode.swift; path = TrackDetailView.swift; sourceTree = "<group>"; };
		F05B74FB2301CA1D0086B117 /* NetworkService.swift */ = {isa = PBXFileReference; lastKnownFileType = sourcecode.swift; path = NetworkService.swift; sourceTree = "<group>"; };
		F05B750D2301D8E70086B117 /* SearchPresenter.swift */ = {isa = PBXFileReference; lastKnownFileType = sourcecode.swift; path = SearchPresenter.swift; sourceTree = "<group>"; };
		F05B750E2301D8E70086B117 /* SearchWorker.swift */ = {isa = PBXFileReference; lastKnownFileType = sourcecode.swift; path = SearchWorker.swift; sourceTree = "<group>"; };
		F05B750F2301D8E70086B117 /* SearchRouter.swift */ = {isa = PBXFileReference; lastKnownFileType = sourcecode.swift; path = SearchRouter.swift; sourceTree = "<group>"; };
		F05B75102301D8E70086B117 /* SearchModels.swift */ = {isa = PBXFileReference; lastKnownFileType = sourcecode.swift; path = SearchModels.swift; sourceTree = "<group>"; };
		F05B75112301D8E70086B117 /* SearchViewController.swift */ = {isa = PBXFileReference; lastKnownFileType = sourcecode.swift; path = SearchViewController.swift; sourceTree = "<group>"; };
		F05B75122301D8E70086B117 /* SearchInteractor.swift */ = {isa = PBXFileReference; lastKnownFileType = sourcecode.swift; path = SearchInteractor.swift; sourceTree = "<group>"; };
		F05B75292302076F0086B117 /* SearchViewController.storyboard */ = {isa = PBXFileReference; lastKnownFileType = file.storyboard; path = SearchViewController.storyboard; sourceTree = "<group>"; };
		F05B752B2302092C0086B117 /* UIViewController + Storyboard.swift */ = {isa = PBXFileReference; lastKnownFileType = sourcecode.swift; path = "UIViewController + Storyboard.swift"; sourceTree = "<group>"; };
/* End PBXFileReference section */

/* Begin PBXFrameworksBuildPhase section */
		F027F2812300740500AE2985 /* Frameworks */ = {
			isa = PBXFrameworksBuildPhase;
			buildActionMask = 2147483647;
			files = (
				D95F082A25A0997D006F1D19 /* URLImage in Frameworks */,
				0B2D608676D8501A34F5B414 /* Pods_IMusic.framework in Frameworks */,
			);
			runOnlyForDeploymentPostprocessing = 0;
		};
/* End PBXFrameworksBuildPhase section */

/* Begin PBXGroup section */
		0301C74E9F7D4D2638327589 /* Pods */ = {
			isa = PBXGroup;
			children = (
				7DC8FD6CE9A48915989CFE90 /* Pods-IMusic.debug.xcconfig */,
				0A1919BC75CBF33FF9FA835F /* Pods-IMusic.release.xcconfig */,
			);
			path = Pods;
			sourceTree = "<group>";
		};
		D18E832DC216B0D1BB91C5A3 /* Frameworks */ = {
			isa = PBXGroup;
			children = (
				EAB67C49231657354F461811 /* Pods_IMusic.framework */,
			);
			name = Frameworks;
			sourceTree = "<group>";
		};
		D960627725BDBE1400DEED97 /* Screenshots */ = {
			isa = PBXGroup;
			children = (
			);
			path = Screenshots;
			sourceTree = "<group>";
		};
		F027F27B2300740500AE2985 = {
			isa = PBXGroup;
			children = (
				F027F2862300740500AE2985 /* IMusic */,
				F027F2852300740500AE2985 /* Products */,
				0301C74E9F7D4D2638327589 /* Pods */,
				D18E832DC216B0D1BB91C5A3 /* Frameworks */,
			);
			sourceTree = "<group>";
		};
		F027F2852300740500AE2985 /* Products */ = {
			isa = PBXGroup;
			children = (
				F027F2842300740500AE2985 /* IMusic.app */,
			);
			name = Products;
			sourceTree = "<group>";
		};
		F027F2862300740500AE2985 /* IMusic */ = {
			isa = PBXGroup;
			children = (
				F027F2872300740500AE2985 /* AppDelegate.swift */,
				F027F2892300740500AE2985 /* SceneDelegate.swift */,
				F05B750C2301D8040086B117 /* Services */,
				F027F29B230074DA00AE2985 /* MainTabBarController.swift */,
				D957CAA6259FA2E30045FA7C /* Library.swift */,
				F05B74FD2301D7690086B117 /* Search */,
				F027F29D230075DA00AE2985 /* SearchMusicViewController.swift */,
				F027F28B2300740500AE2985 /* ViewController.swift */,
				F05B752D230209360086B117 /* Helpers */,
				F027F28D2300740500AE2985 /* Main.storyboard */,
				F027F2902300740600AE2985 /* Assets.xcassets */,
				F027F2922300740600AE2985 /* LaunchScreen.storyboard */,
				F027F2952300740600AE2985 /* Info.plist */,
				D960627725BDBE1400DEED97 /* Screenshots */,
			);
			path = IMusic;
			sourceTree = "<group>";
		};
		F045903F23032E0F00040A0C /* Cell */ = {
			isa = PBXGroup;
			children = (
				F045904023032E4C00040A0C /* TrackCell.xib */,
				F045904223032E5F00040A0C /* TrackCell.swift */,
				D95F082125A08F3F006F1D19 /* UserDefaults.swift */,
			);
			path = Cell;
			sourceTree = "<group>";
		};
		F0459044230336E200040A0C /* Models */ = {
			isa = PBXGroup;
			children = (
				F027F29F2300AFA100AE2985 /* SearchResponse.swift */,
			);
			path = Models;
			sourceTree = "<group>";
		};
		F04590452304064A00040A0C /* FooterView */ = {
			isa = PBXGroup;
			children = (
				F04590462304066000040A0C /* FooterView.swift */,
			);
			path = FooterView;
			sourceTree = "<group>";
		};
		F04590482304739A00040A0C /* TrackDetailView */ = {
			isa = PBXGroup;
			children = (
				F04590492304740400040A0C /* TrackDetailView.xib */,
				F045904B2304741000040A0C /* TrackDetailView.swift */,
			);
			path = TrackDetailView;
			sourceTree = "<group>";
		};
		F05B74FD2301D7690086B117 /* Search */ = {
			isa = PBXGroup;
			children = (
				F04590482304739A00040A0C /* TrackDetailView */,
				F04590452304064A00040A0C /* FooterView */,
				F045903F23032E0F00040A0C /* Cell */,
				F05B75292302076F0086B117 /* SearchViewController.storyboard */,
				F05B75112301D8E70086B117 /* SearchViewController.swift */,
				F05B75122301D8E70086B117 /* SearchInteractor.swift */,
				F05B750D2301D8E70086B117 /* SearchPresenter.swift */,
				F05B75102301D8E70086B117 /* SearchModels.swift */,
				F05B750E2301D8E70086B117 /* SearchWorker.swift */,
				F05B750F2301D8E70086B117 /* SearchRouter.swift */,
			);
			path = Search;
			sourceTree = "<group>";
		};
		F05B750C2301D8040086B117 /* Services */ = {
			isa = PBXGroup;
			children = (
				F0459044230336E200040A0C /* Models */,
				F05B74FB2301CA1D0086B117 /* NetworkService.swift */,
			);
			path = Services;
			sourceTree = "<group>";
		};
		F05B752D230209360086B117 /* Helpers */ = {
			isa = PBXGroup;
			children = (
				F05B752B2302092C0086B117 /* UIViewController + Storyboard.swift */,
				D9779C5E259E807300473B06 /* CMTime_extension.swift */,
			);
			path = Helpers;
			sourceTree = "<group>";
		};
/* End PBXGroup section */

/* Begin PBXNativeTarget section */
		F027F2832300740500AE2985 /* IMusic */ = {
			isa = PBXNativeTarget;
			buildConfigurationList = F027F2982300740600AE2985 /* Build configuration list for PBXNativeTarget "IMusic" */;
			buildPhases = (
				02C372107B1B599F48C54F77 /* [CP] Check Pods Manifest.lock */,
				F027F2802300740500AE2985 /* Sources */,
				F027F2812300740500AE2985 /* Frameworks */,
				F027F2822300740500AE2985 /* Resources */,
				2B31BCBEFF66AFEF820362EC /* [CP] Embed Pods Frameworks */,
			);
			buildRules = (
			);
			dependencies = (
			);
			name = IMusic;
			packageProductDependencies = (
				D95F082925A0997D006F1D19 /* URLImage */,
			);
			productName = IMusic;
			productReference = F027F2842300740500AE2985 /* IMusic.app */;
			productType = "com.apple.product-type.application";
		};
/* End PBXNativeTarget section */

/* Begin PBXProject section */
		F027F27C2300740500AE2985 /* Project object */ = {
			isa = PBXProject;
			attributes = {
				LastSwiftUpdateCheck = 1100;
				LastUpgradeCheck = 1100;
				ORGANIZATIONNAME = "Алексей Пархоменко";
				TargetAttributes = {
					F027F2832300740500AE2985 = {
						CreatedOnToolsVersion = 11.0;
					};
				};
			};
			buildConfigurationList = F027F27F2300740500AE2985 /* Build configuration list for PBXProject "IMusic" */;
			compatibilityVersion = "Xcode 9.3";
			developmentRegion = en;
			hasScannedForEncodings = 0;
			knownRegions = (
				en,
				Base,
			);
			mainGroup = F027F27B2300740500AE2985;
			packageReferences = (
				D95F082825A0997D006F1D19 /* XCRemoteSwiftPackageReference "url-image" */,
			);
			productRefGroup = F027F2852300740500AE2985 /* Products */;
			projectDirPath = "";
			projectRoot = "";
			targets = (
				F027F2832300740500AE2985 /* IMusic */,
			);
		};
/* End PBXProject section */

/* Begin PBXResourcesBuildPhase section */
		F027F2822300740500AE2985 /* Resources */ = {
			isa = PBXResourcesBuildPhase;
			buildActionMask = 2147483647;
			files = (
				F027F2942300740600AE2985 /* LaunchScreen.storyboard in Resources */,
				F045904123032E4C00040A0C /* TrackCell.xib in Resources */,
				F027F2912300740600AE2985 /* Assets.xcassets in Resources */,
				F05B752A2302076F0086B117 /* SearchViewController.storyboard in Resources */,
				F045904A2304740400040A0C /* TrackDetailView.xib in Resources */,
				F027F28F2300740500AE2985 /* Main.storyboard in Resources */,
			);
			runOnlyForDeploymentPostprocessing = 0;
		};
/* End PBXResourcesBuildPhase section */

/* Begin PBXShellScriptBuildPhase section */
		02C372107B1B599F48C54F77 /* [CP] Check Pods Manifest.lock */ = {
			isa = PBXShellScriptBuildPhase;
			buildActionMask = 2147483647;
			files = (
			);
			inputFileListPaths = (
			);
			inputPaths = (
				"${PODS_PODFILE_DIR_PATH}/Podfile.lock",
				"${PODS_ROOT}/Manifest.lock",
			);
			name = "[CP] Check Pods Manifest.lock";
			outputFileListPaths = (
			);
			outputPaths = (
				"$(DERIVED_FILE_DIR)/Pods-IMusic-checkManifestLockResult.txt",
			);
			runOnlyForDeploymentPostprocessing = 0;
			shellPath = /bin/sh;
			shellScript = "diff \"${PODS_PODFILE_DIR_PATH}/Podfile.lock\" \"${PODS_ROOT}/Manifest.lock\" > /dev/null\nif [ $? != 0 ] ; then\n    # print error to STDERR\n    echo \"error: The sandbox is not in sync with the Podfile.lock. Run 'pod install' or update your CocoaPods installation.\" >&2\n    exit 1\nfi\n# This output is used by Xcode 'outputs' to avoid re-running this script phase.\necho \"SUCCESS\" > \"${SCRIPT_OUTPUT_FILE_0}\"\n";
			showEnvVarsInLog = 0;
		};
		2B31BCBEFF66AFEF820362EC /* [CP] Embed Pods Frameworks */ = {
			isa = PBXShellScriptBuildPhase;
			buildActionMask = 2147483647;
			files = (
			);
			inputFileListPaths = (
				"${PODS_ROOT}/Target Support Files/Pods-IMusic/Pods-IMusic-frameworks-${CONFIGURATION}-input-files.xcfilelist",
			);
			name = "[CP] Embed Pods Frameworks";
			outputFileListPaths = (
				"${PODS_ROOT}/Target Support Files/Pods-IMusic/Pods-IMusic-frameworks-${CONFIGURATION}-output-files.xcfilelist",
			);
			runOnlyForDeploymentPostprocessing = 0;
			shellPath = /bin/sh;
			shellScript = "\"${PODS_ROOT}/Target Support Files/Pods-IMusic/Pods-IMusic-frameworks.sh\"\n";
			showEnvVarsInLog = 0;
		};
/* End PBXShellScriptBuildPhase section */

/* Begin PBXSourcesBuildPhase section */
		F027F2802300740500AE2985 /* Sources */ = {
			isa = PBXSourcesBuildPhase;
			buildActionMask = 2147483647;
			files = (
				F027F29E230075DA00AE2985 /* SearchMusicViewController.swift in Sources */,
				F05B752C2302092C0086B117 /* UIViewController + Storyboard.swift in Sources */,
				F027F28C2300740500AE2985 /* ViewController.swift in Sources */,
				F027F2A02300AFA100AE2985 /* SearchResponse.swift in Sources */,
				F05B75192301D8E70086B117 /* SearchInteractor.swift in Sources */,
				F04590472304066000040A0C /* FooterView.swift in Sources */,
				D957CAA7259FA2E30045FA7C /* Library.swift in Sources */,
				F045904323032E5F00040A0C /* TrackCell.swift in Sources */,
				F027F2882300740500AE2985 /* AppDelegate.swift in Sources */,
				F027F29C230074DA00AE2985 /* MainTabBarController.swift in Sources */,
				F05B75152301D8E70086B117 /* SearchWorker.swift in Sources */,
				F05B75182301D8E70086B117 /* SearchViewController.swift in Sources */,
				F05B75162301D8E70086B117 /* SearchRouter.swift in Sources */,
				F05B75172301D8E70086B117 /* SearchModels.swift in Sources */,
				F027F28A2300740500AE2985 /* SceneDelegate.swift in Sources */,
				F05B75142301D8E70086B117 /* SearchPresenter.swift in Sources */,
				D95F082225A08F3F006F1D19 /* UserDefaults.swift in Sources */,
				F045904C2304741000040A0C /* TrackDetailView.swift in Sources */,
				D9779C5F259E807300473B06 /* CMTime_extension.swift in Sources */,
				F05B74FC2301CA1D0086B117 /* NetworkService.swift in Sources */,
			);
			runOnlyForDeploymentPostprocessing = 0;
		};
/* End PBXSourcesBuildPhase section */

/* Begin PBXVariantGroup section */
		F027F28D2300740500AE2985 /* Main.storyboard */ = {
			isa = PBXVariantGroup;
			children = (
				F027F28E2300740500AE2985 /* Base */,
			);
			name = Main.storyboard;
			sourceTree = "<group>";
		};
		F027F2922300740600AE2985 /* LaunchScreen.storyboard */ = {
			isa = PBXVariantGroup;
			children = (
				F027F2932300740600AE2985 /* Base */,
			);
			name = LaunchScreen.storyboard;
			sourceTree = "<group>";
		};
/* End PBXVariantGroup section */

/* Begin XCBuildConfiguration section */
		F027F2962300740600AE2985 /* Debug */ = {
			isa = XCBuildConfiguration;
			buildSettings = {
				ALWAYS_SEARCH_USER_PATHS = NO;
				CLANG_ANALYZER_NONNULL = YES;
				CLANG_ANALYZER_NUMBER_OBJECT_CONVERSION = YES_AGGRESSIVE;
				CLANG_CXX_LANGUAGE_STANDARD = "gnu++14";
				CLANG_CXX_LIBRARY = "libc++";
				CLANG_ENABLE_MODULES = YES;
				CLANG_ENABLE_OBJC_ARC = YES;
				CLANG_ENABLE_OBJC_WEAK = YES;
				CLANG_WARN_BLOCK_CAPTURE_AUTORELEASING = YES;
				CLANG_WARN_BOOL_CONVERSION = YES;
				CLANG_WARN_COMMA = YES;
				CLANG_WARN_CONSTANT_CONVERSION = YES;
				CLANG_WARN_DEPRECATED_OBJC_IMPLEMENTATIONS = YES;
				CLANG_WARN_DIRECT_OBJC_ISA_USAGE = YES_ERROR;
				CLANG_WARN_DOCUMENTATION_COMMENTS = YES;
				CLANG_WARN_EMPTY_BODY = YES;
				CLANG_WARN_ENUM_CONVERSION = YES;
				CLANG_WARN_INFINITE_RECURSION = YES;
				CLANG_WARN_INT_CONVERSION = YES;
				CLANG_WARN_NON_LITERAL_NULL_CONVERSION = YES;
				CLANG_WARN_OBJC_IMPLICIT_RETAIN_SELF = YES;
				CLANG_WARN_OBJC_LITERAL_CONVERSION = YES;
				CLANG_WARN_OBJC_ROOT_CLASS = YES_ERROR;
				CLANG_WARN_RANGE_LOOP_ANALYSIS = YES;
				CLANG_WARN_STRICT_PROTOTYPES = YES;
				CLANG_WARN_SUSPICIOUS_MOVE = YES;
				CLANG_WARN_UNGUARDED_AVAILABILITY = YES_AGGRESSIVE;
				CLANG_WARN_UNREACHABLE_CODE = YES;
				CLANG_WARN__DUPLICATE_METHOD_MATCH = YES;
				COPY_PHASE_STRIP = NO;
				DEBUG_INFORMATION_FORMAT = dwarf;
				ENABLE_STRICT_OBJC_MSGSEND = YES;
				ENABLE_TESTABILITY = YES;
				GCC_C_LANGUAGE_STANDARD = gnu11;
				GCC_DYNAMIC_NO_PIC = NO;
				GCC_NO_COMMON_BLOCKS = YES;
				GCC_OPTIMIZATION_LEVEL = 0;
				GCC_PREPROCESSOR_DEFINITIONS = (
					"DEBUG=1",
					"$(inherited)",
				);
				GCC_WARN_64_TO_32_BIT_CONVERSION = YES;
				GCC_WARN_ABOUT_RETURN_TYPE = YES_ERROR;
				GCC_WARN_UNDECLARED_SELECTOR = YES;
				GCC_WARN_UNINITIALIZED_AUTOS = YES_AGGRESSIVE;
				GCC_WARN_UNUSED_FUNCTION = YES;
				GCC_WARN_UNUSED_VARIABLE = YES;
				IPHONEOS_DEPLOYMENT_TARGET = 13.0;
				MTL_ENABLE_DEBUG_INFO = INCLUDE_SOURCE;
				MTL_FAST_MATH = YES;
				ONLY_ACTIVE_ARCH = YES;
				SDKROOT = iphoneos;
				SWIFT_ACTIVE_COMPILATION_CONDITIONS = DEBUG;
				SWIFT_OPTIMIZATION_LEVEL = "-Onone";
			};
			name = Debug;
		};
		F027F2972300740600AE2985 /* Release */ = {
			isa = XCBuildConfiguration;
			buildSettings = {
				ALWAYS_SEARCH_USER_PATHS = NO;
				CLANG_ANALYZER_NONNULL = YES;
				CLANG_ANALYZER_NUMBER_OBJECT_CONVERSION = YES_AGGRESSIVE;
				CLANG_CXX_LANGUAGE_STANDARD = "gnu++14";
				CLANG_CXX_LIBRARY = "libc++";
				CLANG_ENABLE_MODULES = YES;
				CLANG_ENABLE_OBJC_ARC = YES;
				CLANG_ENABLE_OBJC_WEAK = YES;
				CLANG_WARN_BLOCK_CAPTURE_AUTORELEASING = YES;
				CLANG_WARN_BOOL_CONVERSION = YES;
				CLANG_WARN_COMMA = YES;
				CLANG_WARN_CONSTANT_CONVERSION = YES;
				CLANG_WARN_DEPRECATED_OBJC_IMPLEMENTATIONS = YES;
				CLANG_WARN_DIRECT_OBJC_ISA_USAGE = YES_ERROR;
				CLANG_WARN_DOCUMENTATION_COMMENTS = YES;
				CLANG_WARN_EMPTY_BODY = YES;
				CLANG_WARN_ENUM_CONVERSION = YES;
				CLANG_WARN_INFINITE_RECURSION = YES;
				CLANG_WARN_INT_CONVERSION = YES;
				CLANG_WARN_NON_LITERAL_NULL_CONVERSION = YES;
				CLANG_WARN_OBJC_IMPLICIT_RETAIN_SELF = YES;
				CLANG_WARN_OBJC_LITERAL_CONVERSION = YES;
				CLANG_WARN_OBJC_ROOT_CLASS = YES_ERROR;
				CLANG_WARN_RANGE_LOOP_ANALYSIS = YES;
				CLANG_WARN_STRICT_PROTOTYPES = YES;
				CLANG_WARN_SUSPICIOUS_MOVE = YES;
				CLANG_WARN_UNGUARDED_AVAILABILITY = YES_AGGRESSIVE;
				CLANG_WARN_UNREACHABLE_CODE = YES;
				CLANG_WARN__DUPLICATE_METHOD_MATCH = YES;
				COPY_PHASE_STRIP = NO;
				DEBUG_INFORMATION_FORMAT = "dwarf-with-dsym";
				ENABLE_NS_ASSERTIONS = NO;
				ENABLE_STRICT_OBJC_MSGSEND = YES;
				GCC_C_LANGUAGE_STANDARD = gnu11;
				GCC_NO_COMMON_BLOCKS = YES;
				GCC_WARN_64_TO_32_BIT_CONVERSION = YES;
				GCC_WARN_ABOUT_RETURN_TYPE = YES_ERROR;
				GCC_WARN_UNDECLARED_SELECTOR = YES;
				GCC_WARN_UNINITIALIZED_AUTOS = YES_AGGRESSIVE;
				GCC_WARN_UNUSED_FUNCTION = YES;
				GCC_WARN_UNUSED_VARIABLE = YES;
				IPHONEOS_DEPLOYMENT_TARGET = 13.0;
				MTL_ENABLE_DEBUG_INFO = NO;
				MTL_FAST_MATH = YES;
				SDKROOT = iphoneos;
				SWIFT_COMPILATION_MODE = wholemodule;
				SWIFT_OPTIMIZATION_LEVEL = "-O";
				VALIDATE_PRODUCT = YES;
			};
			name = Release;
		};
		F027F2992300740600AE2985 /* Debug */ = {
			isa = XCBuildConfiguration;
			baseConfigurationReference = 7DC8FD6CE9A48915989CFE90 /* Pods-IMusic.debug.xcconfig */;
			buildSettings = {
				ASSETCATALOG_COMPILER_APPICON_NAME = AppIcon;
				CODE_SIGN_STYLE = Automatic;
				DEVELOPMENT_TEAM = 74N9HYZTUU;
				INFOPLIST_FILE = IMusic/Info.plist;
				LD_RUNPATH_SEARCH_PATHS = (
					"$(inherited)",
					"@executable_path/Frameworks",
				);
				PRODUCT_BUNDLE_IDENTIFIER = com.alexeyParkhomenko.IMusic;
				PRODUCT_NAME = "$(TARGET_NAME)";
				SWIFT_VERSION = 5.0;
				TARGETED_DEVICE_FAMILY = "1,2";
			};
			name = Debug;
		};
		F027F29A2300740600AE2985 /* Release */ = {
			isa = XCBuildConfiguration;
			baseConfigurationReference = 0A1919BC75CBF33FF9FA835F /* Pods-IMusic.release.xcconfig */;
			buildSettings = {
				ASSETCATALOG_COMPILER_APPICON_NAME = AppIcon;
				CODE_SIGN_STYLE = Automatic;
				DEVELOPMENT_TEAM = 74N9HYZTUU;
				INFOPLIST_FILE = IMusic/Info.plist;
				LD_RUNPATH_SEARCH_PATHS = (
					"$(inherited)",
					"@executable_path/Frameworks",
				);
				PRODUCT_BUNDLE_IDENTIFIER = com.alexeyParkhomenko.IMusic;
				PRODUCT_NAME = "$(TARGET_NAME)";
				SWIFT_VERSION = 5.0;
				TARGETED_DEVICE_FAMILY = "1,2";
			};
			name = Release;
		};
/* End XCBuildConfiguration section */

/* Begin XCConfigurationList section */
		F027F27F2300740500AE2985 /* Build configuration list for PBXProject "IMusic" */ = {
			isa = XCConfigurationList;
			buildConfigurations = (
				F027F2962300740600AE2985 /* Debug */,
				F027F2972300740600AE2985 /* Release */,
			);
			defaultConfigurationIsVisible = 0;
			defaultConfigurationName = Release;
		};
		F027F2982300740600AE2985 /* Build configuration list for PBXNativeTarget "IMusic" */ = {
			isa = XCConfigurationList;
			buildConfigurations = (
				F027F2992300740600AE2985 /* Debug */,
				F027F29A2300740600AE2985 /* Release */,
			);
			defaultConfigurationIsVisible = 0;
			defaultConfigurationName = Release;
		};
/* End XCConfigurationList section */

/* Begin XCRemoteSwiftPackageReference section */
		D95F082825A0997D006F1D19 /* XCRemoteSwiftPackageReference "url-image" */ = {
			isa = XCRemoteSwiftPackageReference;
			repositoryURL = "https://github.com/dmytro-anokhin/url-image";
			requirement = {
				kind = upToNextMajorVersion;
				minimumVersion = 2.2.0;
			};
		};
/* End XCRemoteSwiftPackageReference section */

/* Begin XCSwiftPackageProductDependency section */
		D95F082925A0997D006F1D19 /* URLImage */ = {
			isa = XCSwiftPackageProductDependency;
			package = D95F082825A0997D006F1D19 /* XCRemoteSwiftPackageReference "url-image" */;
			productName = URLImage;
		};
/* End XCSwiftPackageProductDependency section */
	};
	rootObject = F027F27C2300740500AE2985 /* Project object */;
}
