// !$*UTF8*$!
{
	archiveVersion = 1;
	classes = {
	};
	objectVersion = 50;
	objects = {

/* Begin PBXBuildFile section */
		D99041E625041B2700B4094D /* AppDelegate.swift in Sources */ = {isa = PBXBuildFile; fileRef = D99041E525041B2700B4094D /* AppDelegate.swift */; };
		D99041E825041B2700B4094D /* SceneDelegate.swift in Sources */ = {isa = PBXBuildFile; fileRef = D99041E725041B2700B4094D /* SceneDelegate.swift */; };
		D99041ED25041B2800B4094D /* Main.storyboard in Resources */ = {isa = PBXBuildFile; fileRef = D99041EB25041B2700B4094D /* Main.storyboard */; };
		D99041EF25041B2A00B4094D /* Assets.xcassets in Resources */ = {isa = PBXBuildFile; fileRef = D99041EE25041B2A00B4094D /* Assets.xcassets */; };
		D99041F225041B2A00B4094D /* LaunchScreen.storyboard in Resources */ = {isa = PBXBuildFile; fileRef = D99041F025041B2A00B4094D /* LaunchScreen.storyboard */; };
		D99041FA25041BCE00B4094D /* MainScreenCollectionViewController.swift in Sources */ = {isa = PBXBuildFile; fileRef = D99041F925041BCE00B4094D /* MainScreenCollectionViewController.swift */; };
		D99041FC2504B75100B4094D /* PhotoCell.swift in Sources */ = {isa = PBXBuildFile; fileRef = D99041FB2504B75100B4094D /* PhotoCell.swift */; };
		D9D517922504E63C0030A223 /* DetailPhotoViewController.swift in Sources */ = {isa = PBXBuildFile; fileRef = D9D517912504E63B0030A223 /* DetailPhotoViewController.swift */; };
/* End PBXBuildFile section */

/* Begin PBXFileReference section */
		D99041E225041B2700B4094D /* PhotoCollectionApp.app */ = {isa = PBXFileReference; explicitFileType = wrapper.application; includeInIndex = 0; path = PhotoCollectionApp.app; sourceTree = BUILT_PRODUCTS_DIR; };
		D99041E525041B2700B4094D /* AppDelegate.swift */ = {isa = PBXFileReference; lastKnownFileType = sourcecode.swift; path = AppDelegate.swift; sourceTree = "<group>"; };
		D99041E725041B2700B4094D /* SceneDelegate.swift */ = {isa = PBXFileReference; lastKnownFileType = sourcecode.swift; path = SceneDelegate.swift; sourceTree = "<group>"; };
		D99041EC25041B2800B4094D /* Base */ = {isa = PBXFileReference; lastKnownFileType = file.storyboard; name = Base; path = Base.lproj/Main.storyboard; sourceTree = "<group>"; };
		D99041EE25041B2A00B4094D /* Assets.xcassets */ = {isa = PBXFileReference; lastKnownFileType = folder.assetcatalog; path = Assets.xcassets; sourceTree = "<group>"; };
		D99041F125041B2A00B4094D /* Base */ = {isa = PBXFileReference; lastKnownFileType = file.storyboard; name = Base; path = Base.lproj/LaunchScreen.storyboard; sourceTree = "<group>"; };
		D99041F325041B2A00B4094D /* Info.plist */ = {isa = PBXFileReference; lastKnownFileType = text.plist.xml; path = Info.plist; sourceTree = "<group>"; };
		D99041F925041BCE00B4094D /* MainScreenCollectionViewController.swift */ = {isa = PBXFileReference; lastKnownFileType = sourcecode.swift; path = MainScreenCollectionViewController.swift; sourceTree = "<group>"; };
		D99041FB2504B75100B4094D /* PhotoCell.swift */ = {isa = PBXFileReference; lastKnownFileType = sourcecode.swift; path = PhotoCell.swift; sourceTree = "<group>"; };
		D9D517912504E63B0030A223 /* DetailPhotoViewController.swift */ = {isa = PBXFileReference; lastKnownFileType = sourcecode.swift; path = DetailPhotoViewController.swift; sourceTree = "<group>"; };
/* End PBXFileReference section */

/* Begin PBXFrameworksBuildPhase section */
		D99041DF25041B2700B4094D /* Frameworks */ = {
			isa = PBXFrameworksBuildPhase;
			buildActionMask = 2147483647;
			files = (
			);
			runOnlyForDeploymentPostprocessing = 0;
		};
/* End PBXFrameworksBuildPhase section */

/* Begin PBXGroup section */
		D99041D925041B2700B4094D = {
			isa = PBXGroup;
			children = (
				D99041E425041B2700B4094D /* PhotoCollectionApp */,
				D99041E325041B2700B4094D /* Products */,
			);
			sourceTree = "<group>";
		};
		D99041E325041B2700B4094D /* Products */ = {
			isa = PBXGroup;
			children = (
				D99041E225041B2700B4094D /* PhotoCollectionApp.app */,
			);
			name = Products;
			sourceTree = "<group>";
		};
		D99041E425041B2700B4094D /* PhotoCollectionApp */ = {
			isa = PBXGroup;
			children = (
				D99041F925041BCE00B4094D /* MainScreenCollectionViewController.swift */,
				D99041FB2504B75100B4094D /* PhotoCell.swift */,
				D99041EB25041B2700B4094D /* Main.storyboard */,
				D9D517912504E63B0030A223 /* DetailPhotoViewController.swift */,
				D99041EE25041B2A00B4094D /* Assets.xcassets */,
				D99041E525041B2700B4094D /* AppDelegate.swift */,
				D99041F025041B2A00B4094D /* LaunchScreen.storyboard */,
				D99041E725041B2700B4094D /* SceneDelegate.swift */,
				D99041F325041B2A00B4094D /* Info.plist */,
			);
			path = PhotoCollectionApp;
			sourceTree = "<group>";
		};
/* End PBXGroup section */

/* Begin PBXNativeTarget section */
		D99041E125041B2700B4094D /* PhotoCollectionApp */ = {
			isa = PBXNativeTarget;
			buildConfigurationList = D99041F625041B2A00B4094D /* Build configuration list for PBXNativeTarget "PhotoCollectionApp" */;
			buildPhases = (
				D99041DE25041B2700B4094D /* Sources */,
				D99041DF25041B2700B4094D /* Frameworks */,
				D99041E025041B2700B4094D /* Resources */,
			);
			buildRules = (
			);
			dependencies = (
			);
			name = PhotoCollectionApp;
			productName = PhotoCollectionApp;
			productReference = D99041E225041B2700B4094D /* PhotoCollectionApp.app */;
			productType = "com.apple.product-type.application";
		};
/* End PBXNativeTarget section */

/* Begin PBXProject section */
		D99041DA25041B2700B4094D /* Project object */ = {
			isa = PBXProject;
			attributes = {
				LastSwiftUpdateCheck = 1170;
				LastUpgradeCheck = 1170;
				ORGANIZATIONNAME = "Анас Бен Мустафа";
				TargetAttributes = {
					D99041E125041B2700B4094D = {
						CreatedOnToolsVersion = 11.7;
					};
				};
			};
			buildConfigurationList = D99041DD25041B2700B4094D /* Build configuration list for PBXProject "PhotoCollectionApp" */;
			compatibilityVersion = "Xcode 9.3";
			developmentRegion = en;
			hasScannedForEncodings = 0;
			knownRegions = (
				en,
				Base,
			);
			mainGroup = D99041D925041B2700B4094D;
			productRefGroup = D99041E325041B2700B4094D /* Products */;
			projectDirPath = "";
			projectRoot = "";
			targets = (
				D99041E125041B2700B4094D /* PhotoCollectionApp */,
			);
		};
/* End PBXProject section */

/* Begin PBXResourcesBuildPhase section */
		D99041E025041B2700B4094D /* Resources */ = {
			isa = PBXResourcesBuildPhase;
			buildActionMask = 2147483647;
			files = (
				D99041F225041B2A00B4094D /* LaunchScreen.storyboard in Resources */,
				D99041EF25041B2A00B4094D /* Assets.xcassets in Resources */,
				D99041ED25041B2800B4094D /* Main.storyboard in Resources */,
			);
			runOnlyForDeploymentPostprocessing = 0;
		};
/* End PBXResourcesBuildPhase section */

/* Begin PBXSourcesBuildPhase section */
		D99041DE25041B2700B4094D /* Sources */ = {
			isa = PBXSourcesBuildPhase;
			buildActionMask = 2147483647;
			files = (
				D99041FC2504B75100B4094D /* PhotoCell.swift in Sources */,
				D99041E625041B2700B4094D /* AppDelegate.swift in Sources */,
				D9D517922504E63C0030A223 /* DetailPhotoViewController.swift in Sources */,
				D99041E825041B2700B4094D /* SceneDelegate.swift in Sources */,
				D99041FA25041BCE00B4094D /* MainScreenCollectionViewController.swift in Sources */,
			);
			runOnlyForDeploymentPostprocessing = 0;
		};
/* End PBXSourcesBuildPhase section */

/* Begin PBXVariantGroup section */
		D99041EB25041B2700B4094D /* Main.storyboard */ = {
			isa = PBXVariantGroup;
			children = (
				D99041EC25041B2800B4094D /* Base */,
			);
			name = Main.storyboard;
			sourceTree = "<group>";
		};
		D99041F025041B2A00B4094D /* LaunchScreen.storyboard */ = {
			isa = PBXVariantGroup;
			children = (
				D99041F125041B2A00B4094D /* Base */,
			);
			name = LaunchScreen.storyboard;
			sourceTree = "<group>";
		};
/* End PBXVariantGroup section */

/* Begin XCBuildConfiguration section */
		D99041F425041B2A00B4094D /* Debug */ = {
			isa = XCBuildConfiguration;
			buildSettings = {
				ALWAYS_SEARCH_USER_PATHS = NO;
				CLANG_ANALYZER_NONNULL = YES;
				CLANG_ANALYZER_NUMBER_OBJECT_CONVERSION = YES_AGGRESSIVE;
				CLANG_CXX_LANGUAGE_STANDARD = "gnu++14";
				CLANG_CXX_LIBRARY = "libc++";
				CLANG_ENABLE_MODULES = YES;
				CLANG_ENABLE_OBJC_ARC = YES;
				CLANG_ENABLE_OBJC_WEAK = YES;
				CLANG_WARN_BLOCK_CAPTURE_AUTORELEASING = YES;
				CLANG_WARN_BOOL_CONVERSION = YES;
				CLANG_WARN_COMMA = YES;
				CLANG_WARN_CONSTANT_CONVERSION = YES;
				CLANG_WARN_DEPRECATED_OBJC_IMPLEMENTATIONS = YES;
				CLANG_WARN_DIRECT_OBJC_ISA_USAGE = YES_ERROR;
				CLANG_WARN_DOCUMENTATION_COMMENTS = YES;
				CLANG_WARN_EMPTY_BODY = YES;
				CLANG_WARN_ENUM_CONVERSION = YES;
				CLANG_WARN_INFINITE_RECURSION = YES;
				CLANG_WARN_INT_CONVERSION = YES;
				CLANG_WARN_NON_LITERAL_NULL_CONVERSION = YES;
				CLANG_WARN_OBJC_IMPLICIT_RETAIN_SELF = YES;
				CLANG_WARN_OBJC_LITERAL_CONVERSION = YES;
				CLANG_WARN_OBJC_ROOT_CLASS = YES_ERROR;
				CLANG_WARN_RANGE_LOOP_ANALYSIS = YES;
				CLANG_WARN_STRICT_PROTOTYPES = YES;
				CLANG_WARN_SUSPICIOUS_MOVE = YES;
				CLANG_WARN_UNGUARDED_AVAILABILITY = YES_AGGRESSIVE;
				CLANG_WARN_UNREACHABLE_CODE = YES;
				CLANG_WARN__DUPLICATE_METHOD_MATCH = YES;
				COPY_PHASE_STRIP = NO;
				DEBUG_INFORMATION_FORMAT = dwarf;
				ENABLE_STRICT_OBJC_MSGSEND = YES;
				ENABLE_TESTABILITY = YES;
				GCC_C_LANGUAGE_STANDARD = gnu11;
				GCC_DYNAMIC_NO_PIC = NO;
				GCC_NO_COMMON_BLOCKS = YES;
				GCC_OPTIMIZATION_LEVEL = 0;
				GCC_PREPROCESSOR_DEFINITIONS = (
					"DEBUG=1",
					"$(inherited)",
				);
				GCC_WARN_64_TO_32_BIT_CONVERSION = YES;
				GCC_WARN_ABOUT_RETURN_TYPE = YES_ERROR;
				GCC_WARN_UNDECLARED_SELECTOR = YES;
				GCC_WARN_UNINITIALIZED_AUTOS = YES_AGGRESSIVE;
				GCC_WARN_UNUSED_FUNCTION = YES;
				GCC_WARN_UNUSED_VARIABLE = YES;
				IPHONEOS_DEPLOYMENT_TARGET = 13.7;
				MTL_ENABLE_DEBUG_INFO = INCLUDE_SOURCE;
				MTL_FAST_MATH = YES;
				ONLY_ACTIVE_ARCH = YES;
				SDKROOT = iphoneos;
				SWIFT_ACTIVE_COMPILATION_CONDITIONS = DEBUG;
				SWIFT_OPTIMIZATION_LEVEL = "-Onone";
			};
			name = Debug;
		};
		D99041F525041B2A00B4094D /* Release */ = {
			isa = XCBuildConfiguration;
			buildSettings = {
				ALWAYS_SEARCH_USER_PATHS = NO;
				CLANG_ANALYZER_NONNULL = YES;
				CLANG_ANALYZER_NUMBER_OBJECT_CONVERSION = YES_AGGRESSIVE;
				CLANG_CXX_LANGUAGE_STANDARD = "gnu++14";
				CLANG_CXX_LIBRARY = "libc++";
				CLANG_ENABLE_MODULES = YES;
				CLANG_ENABLE_OBJC_ARC = YES;
				CLANG_ENABLE_OBJC_WEAK = YES;
				CLANG_WARN_BLOCK_CAPTURE_AUTORELEASING = YES;
				CLANG_WARN_BOOL_CONVERSION = YES;
				CLANG_WARN_COMMA = YES;
				CLANG_WARN_CONSTANT_CONVERSION = YES;
				CLANG_WARN_DEPRECATED_OBJC_IMPLEMENTATIONS = YES;
				CLANG_WARN_DIRECT_OBJC_ISA_USAGE = YES_ERROR;
				CLANG_WARN_DOCUMENTATION_COMMENTS = YES;
				CLANG_WARN_EMPTY_BODY = YES;
				CLANG_WARN_ENUM_CONVERSION = YES;
				CLANG_WARN_INFINITE_RECURSION = YES;
				CLANG_WARN_INT_CONVERSION = YES;
				CLANG_WARN_NON_LITERAL_NULL_CONVERSION = YES;
				CLANG_WARN_OBJC_IMPLICIT_RETAIN_SELF = YES;
				CLANG_WARN_OBJC_LITERAL_CONVERSION = YES;
				CLANG_WARN_OBJC_ROOT_CLASS = YES_ERROR;
				CLANG_WARN_RANGE_LOOP_ANALYSIS = YES;
				CLANG_WARN_STRICT_PROTOTYPES = YES;
				CLANG_WARN_SUSPICIOUS_MOVE = YES;
				CLANG_WARN_UNGUARDED_AVAILABILITY = YES_AGGRESSIVE;
				CLANG_WARN_UNREACHABLE_CODE = YES;
				CLANG_WARN__DUPLICATE_METHOD_MATCH = YES;
				COPY_PHASE_STRIP = NO;
				DEBUG_INFORMATION_FORMAT = "dwarf-with-dsym";
				ENABLE_NS_ASSERTIONS = NO;
				ENABLE_STRICT_OBJC_MSGSEND = YES;
				GCC_C_LANGUAGE_STANDARD = gnu11;
				GCC_NO_COMMON_BLOCKS = YES;
				GCC_WARN_64_TO_32_BIT_CONVERSION = YES;
				GCC_WARN_ABOUT_RETURN_TYPE = YES_ERROR;
				GCC_WARN_UNDECLARED_SELECTOR = YES;
				GCC_WARN_UNINITIALIZED_AUTOS = YES_AGGRESSIVE;
				GCC_WARN_UNUSED_FUNCTION = YES;
				GCC_WARN_UNUSED_VARIABLE = YES;
				IPHONEOS_DEPLOYMENT_TARGET = 13.7;
				MTL_ENABLE_DEBUG_INFO = NO;
				MTL_FAST_MATH = YES;
				SDKROOT = iphoneos;
				SWIFT_COMPILATION_MODE = wholemodule;
				SWIFT_OPTIMIZATION_LEVEL = "-O";
				VALIDATE_PRODUCT = YES;
			};
			name = Release;
		};
		D99041F725041B2A00B4094D /* Debug */ = {
			isa = XCBuildConfiguration;
			buildSettings = {
				ASSETCATALOG_COMPILER_APPICON_NAME = AppIcon;
				CODE_SIGN_STYLE = Automatic;
				DEVELOPMENT_TEAM = 74N9HYZTUU;
				INFOPLIST_FILE = PhotoCollectionApp/Info.plist;
				LD_RUNPATH_SEARCH_PATHS = (
					"$(inherited)",
					"@executable_path/Frameworks",
				);
				PRODUCT_BUNDLE_IDENTIFIER = AnasBM.PhotoCollectionApp;
				PRODUCT_NAME = "$(TARGET_NAME)";
				SWIFT_VERSION = 5.0;
				TARGETED_DEVICE_FAMILY = 1;
			};
			name = Debug;
		};
		D99041F825041B2A00B4094D /* Release */ = {
			isa = XCBuildConfiguration;
			buildSettings = {
				ASSETCATALOG_COMPILER_APPICON_NAME = AppIcon;
				CODE_SIGN_STYLE = Automatic;
				DEVELOPMENT_TEAM = 74N9HYZTUU;
				INFOPLIST_FILE = PhotoCollectionApp/Info.plist;
				LD_RUNPATH_SEARCH_PATHS = (
					"$(inherited)",
					"@executable_path/Frameworks",
				);
				PRODUCT_BUNDLE_IDENTIFIER = AnasBM.PhotoCollectionApp;
				PRODUCT_NAME = "$(TARGET_NAME)";
				SWIFT_VERSION = 5.0;
				TARGETED_DEVICE_FAMILY = 1;
			};
			name = Release;
		};
/* End XCBuildConfiguration section */

/* Begin XCConfigurationList section */
		D99041DD25041B2700B4094D /* Build configuration list for PBXProject "PhotoCollectionApp" */ = {
			isa = XCConfigurationList;
			buildConfigurations = (
				D99041F425041B2A00B4094D /* Debug */,
				D99041F525041B2A00B4094D /* Release */,
			);
			defaultConfigurationIsVisible = 0;
			defaultConfigurationName = Release;
		};
		D99041F625041B2A00B4094D /* Build configuration list for PBXNativeTarget "PhotoCollectionApp" */ = {
			isa = XCConfigurationList;
			buildConfigurations = (
				D99041F725041B2A00B4094D /* Debug */,
				D99041F825041B2A00B4094D /* Release */,
			);
			defaultConfigurationIsVisible = 0;
			defaultConfigurationName = Release;
		};
/* End XCConfigurationList section */
	};
	rootObject = D99041DA25041B2700B4094D /* Project object */;
}
