// !$*UTF8*$!
{
	archiveVersion = 1;
	classes = {
	};
	objectVersion = 51;
	objects = {

/* Begin PBXBuildFile section */
		4116BB0434F8DDDB64144AA0 /* Pods_IMusic.framework in Frameworks */ = {isa = PBXBuildFile; fileRef = F44CD0176BF4EB5347532FE7 /* Pods_IMusic.framework */; };
		D9268801256D1D06003B6755 /* TrackCell.xib in Resources */ = {isa = PBXBuildFile; fileRef = D9268800256D1D06003B6755 /* TrackCell.xib */; };
		D9268804256D1D2B003B6755 /* TrackCell.swift in Sources */ = {isa = PBXBuildFile; fileRef = D9268803256D1D2B003B6755 /* TrackCell.swift */; };
		D932B27E256EF2B200FC14C4 /* FooterView.swift in Sources */ = {isa = PBXBuildFile; fileRef = D932B27D256EF2B200FC14C4 /* FooterView.swift */; };
		D988EED02569533E005A81F7 /* AppDelegate.swift in Sources */ = {isa = PBXBuildFile; fileRef = D988EECF2569533E005A81F7 /* AppDelegate.swift */; };
		D988EED22569533E005A81F7 /* SceneDelegate.swift in Sources */ = {isa = PBXBuildFile; fileRef = D988EED12569533E005A81F7 /* SceneDelegate.swift */; };
		D988EED42569533E005A81F7 /* ViewController.swift in Sources */ = {isa = PBXBuildFile; fileRef = D988EED32569533E005A81F7 /* ViewController.swift */; };
		D988EED925695341005A81F7 /* Assets.xcassets in Resources */ = {isa = PBXBuildFile; fileRef = D988EED825695341005A81F7 /* Assets.xcassets */; };
		D988EEDC25695341005A81F7 /* LaunchScreen.storyboard in Resources */ = {isa = PBXBuildFile; fileRef = D988EEDA25695341005A81F7 /* LaunchScreen.storyboard */; };
		D988EEE525695390005A81F7 /* MainTabBarController.swift in Sources */ = {isa = PBXBuildFile; fileRef = D988EEE425695390005A81F7 /* MainTabBarController.swift */; };
		D988EEE82569549A005A81F7 /* SearchMusicViewController.swift in Sources */ = {isa = PBXBuildFile; fileRef = D988EEE72569549A005A81F7 /* SearchMusicViewController.swift */; };
		D9A5CA76256ADDFB001AE586 /* UIViewController + Storyboard.swift in Sources */ = {isa = PBXBuildFile; fileRef = D9A5CA75256ADDFB001AE586 /* UIViewController + Storyboard.swift */; };
		D9D70C0C256974E400ACF764 /* SearchResponce.swift in Sources */ = {isa = PBXBuildFile; fileRef = D9D70C0B256974E400ACF764 /* SearchResponce.swift */; };
		D9D70C0F256989CC00ACF764 /* NetworkService.swift in Sources */ = {isa = PBXBuildFile; fileRef = D9D70C0E256989CC00ACF764 /* NetworkService.swift */; };
		D9DE6ED9256AD79F00F55935 /* SearchPresenter.swift in Sources */ = {isa = PBXBuildFile; fileRef = D9DE6ED2256AD79F00F55935 /* SearchPresenter.swift */; };
		D9DE6EDA256AD79F00F55935 /* SearchWorker.swift in Sources */ = {isa = PBXBuildFile; fileRef = D9DE6ED3256AD79F00F55935 /* SearchWorker.swift */; };
		D9DE6EDB256AD79F00F55935 /* SearchRouter.swift in Sources */ = {isa = PBXBuildFile; fileRef = D9DE6ED4256AD79F00F55935 /* SearchRouter.swift */; };
		D9DE6EDC256AD79F00F55935 /* SearchModels.swift in Sources */ = {isa = PBXBuildFile; fileRef = D9DE6ED5256AD79F00F55935 /* SearchModels.swift */; };
		D9DE6EDD256AD79F00F55935 /* SearchViewController.swift in Sources */ = {isa = PBXBuildFile; fileRef = D9DE6ED6256AD79F00F55935 /* SearchViewController.swift */; };
		D9DE6EDE256AD79F00F55935 /* SearchInteractor.swift in Sources */ = {isa = PBXBuildFile; fileRef = D9DE6ED7256AD79F00F55935 /* SearchInteractor.swift */; };
		D9DE6EE2256AD92000F55935 /* SearchViewController.storyboard in Resources */ = {isa = PBXBuildFile; fileRef = D9DE6EE1256AD92000F55935 /* SearchViewController.storyboard */; };
/* End PBXBuildFile section */

/* Begin PBXFileReference section */
		44290789C27593ED641A75EE /* Pods-IMusic.debug.xcconfig */ = {isa = PBXFileReference; includeInIndex = 1; lastKnownFileType = text.xcconfig; name = "Pods-IMusic.debug.xcconfig"; path = "Target Support Files/Pods-IMusic/Pods-IMusic.debug.xcconfig"; sourceTree = "<group>"; };
		A844382F7BE7B9B5DF08AFDB /* Pods-IMusic.release.xcconfig */ = {isa = PBXFileReference; includeInIndex = 1; lastKnownFileType = text.xcconfig; name = "Pods-IMusic.release.xcconfig"; path = "Target Support Files/Pods-IMusic/Pods-IMusic.release.xcconfig"; sourceTree = "<group>"; };
		D9268800256D1D06003B6755 /* TrackCell.xib */ = {isa = PBXFileReference; lastKnownFileType = file.xib; path = TrackCell.xib; sourceTree = "<group>"; };
		D9268803256D1D2B003B6755 /* TrackCell.swift */ = {isa = PBXFileReference; lastKnownFileType = sourcecode.swift; path = TrackCell.swift; sourceTree = "<group>"; };
		D932B27D256EF2B200FC14C4 /* FooterView.swift */ = {isa = PBXFileReference; lastKnownFileType = sourcecode.swift; path = FooterView.swift; sourceTree = "<group>"; };
		D988EECC2569533E005A81F7 /* IMusic.app */ = {isa = PBXFileReference; explicitFileType = wrapper.application; includeInIndex = 0; path = IMusic.app; sourceTree = BUILT_PRODUCTS_DIR; };
		D988EECF2569533E005A81F7 /* AppDelegate.swift */ = {isa = PBXFileReference; lastKnownFileType = sourcecode.swift; path = AppDelegate.swift; sourceTree = "<group>"; };
		D988EED12569533E005A81F7 /* SceneDelegate.swift */ = {isa = PBXFileReference; lastKnownFileType = sourcecode.swift; path = SceneDelegate.swift; sourceTree = "<group>"; };
		D988EED32569533E005A81F7 /* ViewController.swift */ = {isa = PBXFileReference; lastKnownFileType = sourcecode.swift; path = ViewController.swift; sourceTree = "<group>"; };
		D988EED825695341005A81F7 /* Assets.xcassets */ = {isa = PBXFileReference; lastKnownFileType = folder.assetcatalog; path = Assets.xcassets; sourceTree = "<group>"; };
		D988EEDB25695341005A81F7 /* Base */ = {isa = PBXFileReference; lastKnownFileType = file.storyboard; name = Base; path = Base.lproj/LaunchScreen.storyboard; sourceTree = "<group>"; };
		D988EEDD25695341005A81F7 /* Info.plist */ = {isa = PBXFileReference; lastKnownFileType = text.plist.xml; path = Info.plist; sourceTree = "<group>"; };
		D988EEE425695390005A81F7 /* MainTabBarController.swift */ = {isa = PBXFileReference; lastKnownFileType = sourcecode.swift; path = MainTabBarController.swift; sourceTree = "<group>"; };
		D988EEE72569549A005A81F7 /* SearchMusicViewController.swift */ = {isa = PBXFileReference; lastKnownFileType = sourcecode.swift; path = SearchMusicViewController.swift; sourceTree = "<group>"; };
		D9A5CA75256ADDFB001AE586 /* UIViewController + Storyboard.swift */ = {isa = PBXFileReference; lastKnownFileType = sourcecode.swift; path = "UIViewController + Storyboard.swift"; sourceTree = "<group>"; };
		D9D70C0B256974E400ACF764 /* SearchResponce.swift */ = {isa = PBXFileReference; lastKnownFileType = sourcecode.swift; path = SearchResponce.swift; sourceTree = "<group>"; };
		D9D70C0E256989CC00ACF764 /* NetworkService.swift */ = {isa = PBXFileReference; lastKnownFileType = sourcecode.swift; path = NetworkService.swift; sourceTree = "<group>"; };
		D9DE6ED2256AD79F00F55935 /* SearchPresenter.swift */ = {isa = PBXFileReference; lastKnownFileType = sourcecode.swift; path = SearchPresenter.swift; sourceTree = "<group>"; };
		D9DE6ED3256AD79F00F55935 /* SearchWorker.swift */ = {isa = PBXFileReference; lastKnownFileType = sourcecode.swift; path = SearchWorker.swift; sourceTree = "<group>"; };
		D9DE6ED4256AD79F00F55935 /* SearchRouter.swift */ = {isa = PBXFileReference; lastKnownFileType = sourcecode.swift; path = SearchRouter.swift; sourceTree = "<group>"; };
		D9DE6ED5256AD79F00F55935 /* SearchModels.swift */ = {isa = PBXFileReference; lastKnownFileType = sourcecode.swift; path = SearchModels.swift; sourceTree = "<group>"; };
		D9DE6ED6256AD79F00F55935 /* SearchViewController.swift */ = {isa = PBXFileReference; lastKnownFileType = sourcecode.swift; path = SearchViewController.swift; sourceTree = "<group>"; };
		D9DE6ED7256AD79F00F55935 /* SearchInteractor.swift */ = {isa = PBXFileReference; lastKnownFileType = sourcecode.swift; path = SearchInteractor.swift; sourceTree = "<group>"; };
		D9DE6EE1256AD92000F55935 /* SearchViewController.storyboard */ = {isa = PBXFileReference; lastKnownFileType = file.storyboard; path = SearchViewController.storyboard; sourceTree = "<group>"; };
		F44CD0176BF4EB5347532FE7 /* Pods_IMusic.framework */ = {isa = PBXFileReference; explicitFileType = wrapper.framework; includeInIndex = 0; path = Pods_IMusic.framework; sourceTree = BUILT_PRODUCTS_DIR; };
/* End PBXFileReference section */

/* Begin PBXFrameworksBuildPhase section */
		D988EEC92569533E005A81F7 /* Frameworks */ = {
			isa = PBXFrameworksBuildPhase;
			buildActionMask = 2147483647;
			files = (
				4116BB0434F8DDDB64144AA0 /* Pods_IMusic.framework in Frameworks */,
			);
			runOnlyForDeploymentPostprocessing = 0;
		};
/* End PBXFrameworksBuildPhase section */

/* Begin PBXGroup section */
		4D8E997F6693E04A6BDC717B /* Pods */ = {
			isa = PBXGroup;
			children = (
				44290789C27593ED641A75EE /* Pods-IMusic.debug.xcconfig */,
				A844382F7BE7B9B5DF08AFDB /* Pods-IMusic.release.xcconfig */,
			);
			path = Pods;
			sourceTree = "<group>";
		};
		54D7346B5A5F06A56A4EF9A8 /* Frameworks */ = {
			isa = PBXGroup;
			children = (
				F44CD0176BF4EB5347532FE7 /* Pods_IMusic.framework */,
			);
			name = Frameworks;
			sourceTree = "<group>";
		};
		D92687FF256D1CEA003B6755 /* Cell */ = {
			isa = PBXGroup;
			children = (
				D9268800256D1D06003B6755 /* TrackCell.xib */,
				D9268803256D1D2B003B6755 /* TrackCell.swift */,
			);
			path = Cell;
			sourceTree = "<group>";
		};
		D9268806256D2E82003B6755 /* DataModels */ = {
			isa = PBXGroup;
			children = (
				D9D70C0B256974E400ACF764 /* SearchResponce.swift */,
			);
			path = DataModels;
			sourceTree = "<group>";
		};
		D932B27C256EF2A400FC14C4 /* FooterView */ = {
			isa = PBXGroup;
			children = (
				D932B27D256EF2B200FC14C4 /* FooterView.swift */,
			);
			path = FooterView;
			sourceTree = "<group>";
		};
		D988EEC32569533E005A81F7 = {
			isa = PBXGroup;
			children = (
				D988EECE2569533E005A81F7 /* IMusic */,
				D988EECD2569533E005A81F7 /* Products */,
				4D8E997F6693E04A6BDC717B /* Pods */,
				54D7346B5A5F06A56A4EF9A8 /* Frameworks */,
			);
			sourceTree = "<group>";
		};
		D988EECD2569533E005A81F7 /* Products */ = {
			isa = PBXGroup;
			children = (
				D988EECC2569533E005A81F7 /* IMusic.app */,
			);
			name = Products;
			sourceTree = "<group>";
		};
		D988EECE2569533E005A81F7 /* IMusic */ = {
			isa = PBXGroup;
			children = (
				D988EECF2569533E005A81F7 /* AppDelegate.swift */,
				D988EED12569533E005A81F7 /* SceneDelegate.swift */,
				D9DE6ECF256AD70800F55935 /* Services */,
				D988EEE425695390005A81F7 /* MainTabBarController.swift */,
				D9268806256D2E82003B6755 /* DataModels */,
				D9DE6EBF256AD61600F55935 /* Search */,
				D9A5CA79256ADDFF001AE586 /* Helpers */,
				D988EED32569533E005A81F7 /* ViewController.swift */,
				D988EEE72569549A005A81F7 /* SearchMusicViewController.swift */,
				D988EED825695341005A81F7 /* Assets.xcassets */,
				D988EEDA25695341005A81F7 /* LaunchScreen.storyboard */,
				D988EEDD25695341005A81F7 /* Info.plist */,
			);
			path = IMusic;
			sourceTree = "<group>";
		};
		D9A5CA79256ADDFF001AE586 /* Helpers */ = {
			isa = PBXGroup;
			children = (
				D9A5CA75256ADDFB001AE586 /* UIViewController + Storyboard.swift */,
			);
			path = Helpers;
			sourceTree = "<group>";
		};
		D9DE6EBF256AD61600F55935 /* Search */ = {
			isa = PBXGroup;
			children = (
				D932B27C256EF2A400FC14C4 /* FooterView */,
				D92687FF256D1CEA003B6755 /* Cell */,
				D9DE6EE1256AD92000F55935 /* SearchViewController.storyboard */,
				D9DE6ED6256AD79F00F55935 /* SearchViewController.swift */,
				D9DE6ED7256AD79F00F55935 /* SearchInteractor.swift */,
				D9DE6ED2256AD79F00F55935 /* SearchPresenter.swift */,
				D9DE6ED3256AD79F00F55935 /* SearchWorker.swift */,
				D9DE6ED4256AD79F00F55935 /* SearchRouter.swift */,
				D9DE6ED5256AD79F00F55935 /* SearchModels.swift */,
			);
			path = Search;
			sourceTree = "<group>";
		};
		D9DE6ECF256AD70800F55935 /* Services */ = {
			isa = PBXGroup;
			children = (
				D9D70C0E256989CC00ACF764 /* NetworkService.swift */,
			);
			path = Services;
			sourceTree = "<group>";
		};
/* End PBXGroup section */

/* Begin PBXNativeTarget section */
		D988EECB2569533E005A81F7 /* IMusic */ = {
			isa = PBXNativeTarget;
			buildConfigurationList = D988EEE025695341005A81F7 /* Build configuration list for PBXNativeTarget "IMusic" */;
			buildPhases = (
				45A973FF8BB8B207DD63F48A /* [CP] Check Pods Manifest.lock */,
				D988EEC82569533E005A81F7 /* Sources */,
				D988EEC92569533E005A81F7 /* Frameworks */,
				D988EECA2569533E005A81F7 /* Resources */,
				5A0DB03E788954977B5C062D /* [CP] Embed Pods Frameworks */,
			);
			buildRules = (
			);
			dependencies = (
			);
			name = IMusic;
			productName = IMusic;
			productReference = D988EECC2569533E005A81F7 /* IMusic.app */;
			productType = "com.apple.product-type.application";
		};
/* End PBXNativeTarget section */

/* Begin PBXProject section */
		D988EEC42569533E005A81F7 /* Project object */ = {
			isa = PBXProject;
			attributes = {
				LastSwiftUpdateCheck = 1220;
				LastUpgradeCheck = 1220;
				TargetAttributes = {
					D988EECB2569533E005A81F7 = {
						CreatedOnToolsVersion = 12.2;
					};
				};
			};
			buildConfigurationList = D988EEC72569533E005A81F7 /* Build configuration list for PBXProject "IMusic" */;
			compatibilityVersion = "Xcode 9.3";
			developmentRegion = en;
			hasScannedForEncodings = 0;
			knownRegions = (
				en,
				Base,
			);
			mainGroup = D988EEC32569533E005A81F7;
			productRefGroup = D988EECD2569533E005A81F7 /* Products */;
			projectDirPath = "";
			projectRoot = "";
			targets = (
				D988EECB2569533E005A81F7 /* IMusic */,
			);
		};
/* End PBXProject section */

/* Begin PBXResourcesBuildPhase section */
		D988EECA2569533E005A81F7 /* Resources */ = {
			isa = PBXResourcesBuildPhase;
			buildActionMask = 2147483647;
			files = (
				D988EEDC25695341005A81F7 /* LaunchScreen.storyboard in Resources */,
				D988EED925695341005A81F7 /* Assets.xcassets in Resources */,
				D9DE6EE2256AD92000F55935 /* SearchViewController.storyboard in Resources */,
				D9268801256D1D06003B6755 /* TrackCell.xib in Resources */,
			);
			runOnlyForDeploymentPostprocessing = 0;
		};
/* End PBXResourcesBuildPhase section */

/* Begin PBXShellScriptBuildPhase section */
		45A973FF8BB8B207DD63F48A /* [CP] Check Pods Manifest.lock */ = {
			isa = PBXShellScriptBuildPhase;
			buildActionMask = 2147483647;
			files = (
			);
			inputFileListPaths = (
			);
			inputPaths = (
				"${PODS_PODFILE_DIR_PATH}/Podfile.lock",
				"${PODS_ROOT}/Manifest.lock",
			);
			name = "[CP] Check Pods Manifest.lock";
			outputFileListPaths = (
			);
			outputPaths = (
				"$(DERIVED_FILE_DIR)/Pods-IMusic-checkManifestLockResult.txt",
			);
			runOnlyForDeploymentPostprocessing = 0;
			shellPath = /bin/sh;
			shellScript = "diff \"${PODS_PODFILE_DIR_PATH}/Podfile.lock\" \"${PODS_ROOT}/Manifest.lock\" > /dev/null\nif [ $? != 0 ] ; then\n    # print error to STDERR\n    echo \"error: The sandbox is not in sync with the Podfile.lock. Run 'pod install' or update your CocoaPods installation.\" >&2\n    exit 1\nfi\n# This output is used by Xcode 'outputs' to avoid re-running this script phase.\necho \"SUCCESS\" > \"${SCRIPT_OUTPUT_FILE_0}\"\n";
			showEnvVarsInLog = 0;
		};
		5A0DB03E788954977B5C062D /* [CP] Embed Pods Frameworks */ = {
			isa = PBXShellScriptBuildPhase;
			buildActionMask = 2147483647;
			files = (
			);
			inputFileListPaths = (
				"${PODS_ROOT}/Target Support Files/Pods-IMusic/Pods-IMusic-frameworks-${CONFIGURATION}-input-files.xcfilelist",
			);
			name = "[CP] Embed Pods Frameworks";
			outputFileListPaths = (
				"${PODS_ROOT}/Target Support Files/Pods-IMusic/Pods-IMusic-frameworks-${CONFIGURATION}-output-files.xcfilelist",
			);
			runOnlyForDeploymentPostprocessing = 0;
			shellPath = /bin/sh;
			shellScript = "\"${PODS_ROOT}/Target Support Files/Pods-IMusic/Pods-IMusic-frameworks.sh\"\n";
			showEnvVarsInLog = 0;
		};
/* End PBXShellScriptBuildPhase section */

/* Begin PBXSourcesBuildPhase section */
		D988EEC82569533E005A81F7 /* Sources */ = {
			isa = PBXSourcesBuildPhase;
			buildActionMask = 2147483647;
			files = (
				D9D70C0C256974E400ACF764 /* SearchResponce.swift in Sources */,
				D9A5CA76256ADDFB001AE586 /* UIViewController + Storyboard.swift in Sources */,
				D988EEE82569549A005A81F7 /* SearchMusicViewController.swift in Sources */,
				D988EED42569533E005A81F7 /* ViewController.swift in Sources */,
				D9DE6EDE256AD79F00F55935 /* SearchInteractor.swift in Sources */,
				D932B27E256EF2B200FC14C4 /* FooterView.swift in Sources */,
				D9268804256D1D2B003B6755 /* TrackCell.swift in Sources */,
				D988EED02569533E005A81F7 /* AppDelegate.swift in Sources */,
				D988EEE525695390005A81F7 /* MainTabBarController.swift in Sources */,
				D9DE6EDA256AD79F00F55935 /* SearchWorker.swift in Sources */,
				D9DE6EDD256AD79F00F55935 /* SearchViewController.swift in Sources */,
				D9DE6EDB256AD79F00F55935 /* SearchRouter.swift in Sources */,
				D9DE6EDC256AD79F00F55935 /* SearchModels.swift in Sources */,
				D988EED22569533E005A81F7 /* SceneDelegate.swift in Sources */,
				D9DE6ED9256AD79F00F55935 /* SearchPresenter.swift in Sources */,
				D9D70C0F256989CC00ACF764 /* NetworkService.swift in Sources */,
			);
			runOnlyForDeploymentPostprocessing = 0;
		};
/* End PBXSourcesBuildPhase section */

/* Begin PBXVariantGroup section */
		D988EEDA25695341005A81F7 /* LaunchScreen.storyboard */ = {
			isa = PBXVariantGroup;
			children = (
				D988EEDB25695341005A81F7 /* Base */,
			);
			name = LaunchScreen.storyboard;
			sourceTree = "<group>";
		};
/* End PBXVariantGroup section */

/* Begin XCBuildConfiguration section */
		D988EEDE25695341005A81F7 /* Debug */ = {
			isa = XCBuildConfiguration;
			buildSettings = {
				ALWAYS_SEARCH_USER_PATHS = NO;
				CLANG_ANALYZER_NONNULL = YES;
				CLANG_ANALYZER_NUMBER_OBJECT_CONVERSION = YES_AGGRESSIVE;
				CLANG_CXX_LANGUAGE_STANDARD = "gnu++14";
				CLANG_CXX_LIBRARY = "libc++";
				CLANG_ENABLE_MODULES = YES;
				CLANG_ENABLE_OBJC_ARC = YES;
				CLANG_ENABLE_OBJC_WEAK = YES;
				CLANG_WARN_BLOCK_CAPTURE_AUTORELEASING = YES;
				CLANG_WARN_BOOL_CONVERSION = YES;
				CLANG_WARN_COMMA = YES;
				CLANG_WARN_CONSTANT_CONVERSION = YES;
				CLANG_WARN_DEPRECATED_OBJC_IMPLEMENTATIONS = YES;
				CLANG_WARN_DIRECT_OBJC_ISA_USAGE = YES_ERROR;
				CLANG_WARN_DOCUMENTATION_COMMENTS = YES;
				CLANG_WARN_EMPTY_BODY = YES;
				CLANG_WARN_ENUM_CONVERSION = YES;
				CLANG_WARN_INFINITE_RECURSION = YES;
				CLANG_WARN_INT_CONVERSION = YES;
				CLANG_WARN_NON_LITERAL_NULL_CONVERSION = YES;
				CLANG_WARN_OBJC_IMPLICIT_RETAIN_SELF = YES;
				CLANG_WARN_OBJC_LITERAL_CONVERSION = YES;
				CLANG_WARN_OBJC_ROOT_CLASS = YES_ERROR;
				CLANG_WARN_QUOTED_INCLUDE_IN_FRAMEWORK_HEADER = YES;
				CLANG_WARN_RANGE_LOOP_ANALYSIS = YES;
				CLANG_WARN_STRICT_PROTOTYPES = YES;
				CLANG_WARN_SUSPICIOUS_MOVE = YES;
				CLANG_WARN_UNGUARDED_AVAILABILITY = YES_AGGRESSIVE;
				CLANG_WARN_UNREACHABLE_CODE = YES;
				CLANG_WARN__DUPLICATE_METHOD_MATCH = YES;
				COPY_PHASE_STRIP = NO;
				DEBUG_INFORMATION_FORMAT = dwarf;
				ENABLE_STRICT_OBJC_MSGSEND = YES;
				ENABLE_TESTABILITY = YES;
				GCC_C_LANGUAGE_STANDARD = gnu11;
				GCC_DYNAMIC_NO_PIC = NO;
				GCC_NO_COMMON_BLOCKS = YES;
				GCC_OPTIMIZATION_LEVEL = 0;
				GCC_PREPROCESSOR_DEFINITIONS = (
					"DEBUG=1",
					"$(inherited)",
				);
				GCC_WARN_64_TO_32_BIT_CONVERSION = YES;
				GCC_WARN_ABOUT_RETURN_TYPE = YES_ERROR;
				GCC_WARN_UNDECLARED_SELECTOR = YES;
				GCC_WARN_UNINITIALIZED_AUTOS = YES_AGGRESSIVE;
				GCC_WARN_UNUSED_FUNCTION = YES;
				GCC_WARN_UNUSED_VARIABLE = YES;
				IPHONEOS_DEPLOYMENT_TARGET = 14.2;
				MTL_ENABLE_DEBUG_INFO = INCLUDE_SOURCE;
				MTL_FAST_MATH = YES;
				ONLY_ACTIVE_ARCH = YES;
				SDKROOT = iphoneos;
				SWIFT_ACTIVE_COMPILATION_CONDITIONS = DEBUG;
				SWIFT_OPTIMIZATION_LEVEL = "-Onone";
			};
			name = Debug;
		};
		D988EEDF25695341005A81F7 /* Release */ = {
			isa = XCBuildConfiguration;
			buildSettings = {
				ALWAYS_SEARCH_USER_PATHS = NO;
				CLANG_ANALYZER_NONNULL = YES;
				CLANG_ANALYZER_NUMBER_OBJECT_CONVERSION = YES_AGGRESSIVE;
				CLANG_CXX_LANGUAGE_STANDARD = "gnu++14";
				CLANG_CXX_LIBRARY = "libc++";
				CLANG_ENABLE_MODULES = YES;
				CLANG_ENABLE_OBJC_ARC = YES;
				CLANG_ENABLE_OBJC_WEAK = YES;
				CLANG_WARN_BLOCK_CAPTURE_AUTORELEASING = YES;
				CLANG_WARN_BOOL_CONVERSION = YES;
				CLANG_WARN_COMMA = YES;
				CLANG_WARN_CONSTANT_CONVERSION = YES;
				CLANG_WARN_DEPRECATED_OBJC_IMPLEMENTATIONS = YES;
				CLANG_WARN_DIRECT_OBJC_ISA_USAGE = YES_ERROR;
				CLANG_WARN_DOCUMENTATION_COMMENTS = YES;
				CLANG_WARN_EMPTY_BODY = YES;
				CLANG_WARN_ENUM_CONVERSION = YES;
				CLANG_WARN_INFINITE_RECURSION = YES;
				CLANG_WARN_INT_CONVERSION = YES;
				CLANG_WARN_NON_LITERAL_NULL_CONVERSION = YES;
				CLANG_WARN_OBJC_IMPLICIT_RETAIN_SELF = YES;
				CLANG_WARN_OBJC_LITERAL_CONVERSION = YES;
				CLANG_WARN_OBJC_ROOT_CLASS = YES_ERROR;
				CLANG_WARN_QUOTED_INCLUDE_IN_FRAMEWORK_HEADER = YES;
				CLANG_WARN_RANGE_LOOP_ANALYSIS = YES;
				CLANG_WARN_STRICT_PROTOTYPES = YES;
				CLANG_WARN_SUSPICIOUS_MOVE = YES;
				CLANG_WARN_UNGUARDED_AVAILABILITY = YES_AGGRESSIVE;
				CLANG_WARN_UNREACHABLE_CODE = YES;
				CLANG_WARN__DUPLICATE_METHOD_MATCH = YES;
				COPY_PHASE_STRIP = NO;
				DEBUG_INFORMATION_FORMAT = "dwarf-with-dsym";
				ENABLE_NS_ASSERTIONS = NO;
				ENABLE_STRICT_OBJC_MSGSEND = YES;
				GCC_C_LANGUAGE_STANDARD = gnu11;
				GCC_NO_COMMON_BLOCKS = YES;
				GCC_WARN_64_TO_32_BIT_CONVERSION = YES;
				GCC_WARN_ABOUT_RETURN_TYPE = YES_ERROR;
				GCC_WARN_UNDECLARED_SELECTOR = YES;
				GCC_WARN_UNINITIALIZED_AUTOS = YES_AGGRESSIVE;
				GCC_WARN_UNUSED_FUNCTION = YES;
				GCC_WARN_UNUSED_VARIABLE = YES;
				IPHONEOS_DEPLOYMENT_TARGET = 14.2;
				MTL_ENABLE_DEBUG_INFO = NO;
				MTL_FAST_MATH = YES;
				SDKROOT = iphoneos;
				SWIFT_COMPILATION_MODE = wholemodule;
				SWIFT_OPTIMIZATION_LEVEL = "-O";
				VALIDATE_PRODUCT = YES;
			};
			name = Release;
		};
		D988EEE125695341005A81F7 /* Debug */ = {
			isa = XCBuildConfiguration;
			baseConfigurationReference = 44290789C27593ED641A75EE /* Pods-IMusic.debug.xcconfig */;
			buildSettings = {
				ASSETCATALOG_COMPILER_APPICON_NAME = AppIcon;
				ASSETCATALOG_COMPILER_GLOBAL_ACCENT_COLOR_NAME = AccentColor;
				CODE_SIGN_STYLE = Automatic;
				DEVELOPMENT_TEAM = 74N9HYZTUU;
				INFOPLIST_FILE = IMusic/Info.plist;
				LD_RUNPATH_SEARCH_PATHS = (
					"$(inherited)",
					"@executable_path/Frameworks",
				);
				PRODUCT_BUNDLE_IDENTIFIER = AnasBM.IMusic;
				PRODUCT_NAME = "$(TARGET_NAME)";
				SWIFT_VERSION = 5.0;
				TARGETED_DEVICE_FAMILY = "1,2";
			};
			name = Debug;
		};
		D988EEE225695341005A81F7 /* Release */ = {
			isa = XCBuildConfiguration;
			baseConfigurationReference = A844382F7BE7B9B5DF08AFDB /* Pods-IMusic.release.xcconfig */;
			buildSettings = {
				ASSETCATALOG_COMPILER_APPICON_NAME = AppIcon;
				ASSETCATALOG_COMPILER_GLOBAL_ACCENT_COLOR_NAME = AccentColor;
				CODE_SIGN_STYLE = Automatic;
				DEVELOPMENT_TEAM = 74N9HYZTUU;
				INFOPLIST_FILE = IMusic/Info.plist;
				LD_RUNPATH_SEARCH_PATHS = (
					"$(inherited)",
					"@executable_path/Frameworks",
				);
				PRODUCT_BUNDLE_IDENTIFIER = AnasBM.IMusic;
				PRODUCT_NAME = "$(TARGET_NAME)";
				SWIFT_VERSION = 5.0;
				TARGETED_DEVICE_FAMILY = "1,2";
			};
			name = Release;
		};
/* End XCBuildConfiguration section */

/* Begin XCConfigurationList section */
		D988EEC72569533E005A81F7 /* Build configuration list for PBXProject "IMusic" */ = {
			isa = XCConfigurationList;
			buildConfigurations = (
				D988EEDE25695341005A81F7 /* Debug */,
				D988EEDF25695341005A81F7 /* Release */,
			);
			defaultConfigurationIsVisible = 0;
			defaultConfigurationName = Release;
		};
		D988EEE025695341005A81F7 /* Build configuration list for PBXNativeTarget "IMusic" */ = {
			isa = XCConfigurationList;
			buildConfigurations = (
				D988EEE125695341005A81F7 /* Debug */,
				D988EEE225695341005A81F7 /* Release */,
			);
			defaultConfigurationIsVisible = 0;
			defaultConfigurationName = Release;
		};
/* End XCConfigurationList section */
	};
	rootObject = D988EEC42569533E005A81F7 /* Project object */;
}
